
Microsoft Visual Studio Solution File, Format Version 12.00
# Visual Studio Version 17
VisualStudioVersion = 17.9.34728.123
MinimumVisualStudioVersion = 10.0.40219.1
Project("{FAE04EC0-301F-11D3-BF4B-00C04F79EFBC}") = "ip locator", "ip locator\ip locator.csproj", "{77DFAEB3-8170-44C3-A83C-749EC9963321}"
EndProject
Global
	GlobalSection(SolutionConfigurationPlatforms) = preSolution
		Debug|Any CPU = Debug|Any CPU
		Release|Any CPU = Release|Any CPU
	EndGlobalSection
	GlobalSection(ProjectConfigurationPlatforms) = postSolution
		{77DFAEB3-8170-44C3-A83C-749EC9963321}.Debug|Any CPU.ActiveCfg = Debug|Any CPU
		{77DFAEB3-8170-44C3-A83C-749EC9963321}.Debug|Any CPU.Build.0 = Debug|Any CPU
		{77DFAEB3-8170-44C3-A83C-749EC9963321}.Release|Any CPU.ActiveCfg = Release|Any CPU
		{77DFAEB3-8170-44C3-A83C-749EC9963321}.Release|Any CPU.Build.0 = Release|Any CPU
	EndGlobalSection
	GlobalSection(SolutionProperties) = preSolution
		HideSolutionNode = FALSE
	EndGlobalSection
	GlobalSection(ExtensibilityGlobals) = postSolution
		SolutionGuid = {23E58939-8E71-4481-AFD9-3830FB28B315}
	EndGlobalSection
EndGlobal
